# This file is automatically @generated by Cargo.
# It is not intended for manual editing.
version = 4

[[package]]
name = "bytes"
version = "1.12.0"
source = "registry+https://github.com/rust-lang/crates.io-index"
checksum = "8ae3f5d315924270530207e2a68396c3cc547f6dca3fbdca317cfb1a51edb593"

[[package]]
name = "cyb-genies"
version = "0.1.0"
dependencies = [
 "strata-core",
 "strata-ext",
 "strata-proof",
]

[[package]]
name = "cyb-jali"
version = "0.1.0"
dependencies = [
 "cyb-nebu",
 "strata-core",
]

[[package]]
name = "cyb-kuro"
version = "0.1.0"
dependencies = [
 "strata-core",
 "strata-ext",
 "strata-proof",
]

[[package]]
name = "cyb-lens-assayer"
version = "0.1.0"
dependencies = [
 "cyb-lens-brakedown",
 "cyb-lens-core",
 "cyb-nebu",
 "cyb-trop",
]

[[package]]
name = "cyb-lens-binius"
version = "0.1.0"
dependencies = [
 "cyb-kuro",
 "cyb-lens-core",
 "cyber-hemera",
]

[[package]]
name = "cyb-lens-brakedown"
version = "0.1.0"
dependencies = [
 "cyb-lens-core",
 "cyb-nebu",
 "cyber-hemera",
]

[[package]]
name = "cyb-lens-core"
version = "0.1.0"
dependencies = [
 "cyb-nebu",
 "cyber-hemera",
 "strata-core",
 "strata-proof",
]

[[package]]
name = "cyb-lens-ikat"
version = "0.1.0"
dependencies = [
 "cyb-jali",
 "cyb-lens-brakedown",
 "cyb-lens-core",
 "cyb-nebu",
]

[[package]]
name = "cyb-lens-porphyry"
version = "0.1.0"
dependencies = [
 "cyb-genies",
 "cyb-lens-core",
 "cyber-hemera",
]

[[package]]
name = "cyb-nebu"
version = "0.1.0"
dependencies = [
 "strata-compute",
 "strata-core",
 "strata-ext",
 "strata-proof",
]

[[package]]
name = "cyb-trop"
version = "0.1.0"
dependencies = [
 "strata-core",
]

[[package]]
name = "cyber-hemera"
version = "0.3.0"

[[package]]
name = "cyber-lens"
version = "0.1.0"
dependencies = [
 "cyb-lens-assayer",
 "cyb-lens-binius",
 "cyb-lens-brakedown",
 "cyb-lens-core",
 "cyb-lens-ikat",
 "cyb-lens-porphyry",
]

[[package]]
name = "nox"
version = "0.1.0"
dependencies = [
 "cyb-lens-brakedown",
 "cyb-lens-core",
 "cyb-nebu",
 "cyber-hemera",
]

[[package]]
name = "strata-compute"
version = "0.1.0"
dependencies = [
 "strata-core",
]

[[package]]
name = "strata-core"
version = "0.1.0"

[[package]]
name = "strata-ext"
version = "0.1.0"
dependencies = [
 "strata-core",
]

[[package]]
name = "strata-proof"
version = "0.1.0"
dependencies = [
 "strata-core",
]

[[package]]
name = "tape"
version = "0.1.0"
dependencies = [
 "bytes",
]

[[package]]
name = "zheng"
version = "0.1.0"
dependencies = [
 "cyb-nebu",
 "cyber-hemera",
 "cyber-lens",
 "nox",
]

[[package]]
name = "zheng-cli"
version = "0.1.0"
dependencies = [
 "cyb-nebu",
 "cyber-hemera",
 "cyber-lens",
 "nox",
 "tape",
 "zheng",
]
