# This file is automatically @generated by Cargo.
# It is not intended for manual editing.
version = 4

[[package]]
name = "acpu"
version = "0.2.0"
source = "registry+https://github.com/rust-lang/crates.io-index"
checksum = "81089272e2a248781b1e2c38ad7247a98bea63a602c0a445dc63e955b2035375"
dependencies = [
 "unimem",
]

[[package]]
name = "crossbeam-queue"
version = "0.3.12"
source = "registry+https://github.com/rust-lang/crates.io-index"
checksum = "0f58bbc28f91df819d0aa2a2c00cd19754769c2fad90579b3592b1c9ba7a3115"
dependencies = [
 "crossbeam-utils",
]

[[package]]
name = "crossbeam-utils"
version = "0.8.21"
source = "registry+https://github.com/rust-lang/crates.io-index"
checksum = "d0a5c400df2834b80a4c3327b3aad3a4c4cd4de0629063962b03235697506a28"

[[package]]
name = "cyb-genies"
version = "0.1.0"
dependencies = [
 "strata-core",
 "strata-ext",
 "strata-proof",
]

[[package]]
name = "cyb-jali"
version = "0.1.0"
dependencies = [
 "cyb-nebu",
 "strata-core",
]

[[package]]
name = "cyb-kuro"
version = "0.1.0"
dependencies = [
 "strata-core",
 "strata-ext",
 "strata-proof",
]

[[package]]
name = "cyb-lens-assayer"
version = "0.1.0"
dependencies = [
 "cyb-lens-brakedown",
 "cyb-lens-core",
 "cyb-nebu",
 "cyb-trop",
]

[[package]]
name = "cyb-lens-binius"
version = "0.1.0"
dependencies = [
 "cyb-kuro",
 "cyb-lens-core",
 "cyber-hemera",
]

[[package]]
name = "cyb-lens-brakedown"
version = "0.1.0"
dependencies = [
 "cyb-lens-core",
 "cyb-nebu",
 "cyber-hemera",
]

[[package]]
name = "cyb-lens-core"
version = "0.1.0"
dependencies = [
 "cyb-nebu",
 "cyber-hemera",
 "strata-core",
 "strata-proof",
]

[[package]]
name = "cyb-lens-ikat"
version = "0.1.0"
dependencies = [
 "cyb-jali",
 "cyb-lens-brakedown",
 "cyb-lens-core",
 "cyb-nebu",
]

[[package]]
name = "cyb-lens-porphyry"
version = "0.1.0"
dependencies = [
 "cyb-genies",
 "cyb-lens-core",
 "cyber-hemera",
]

[[package]]
name = "cyb-nebu"
version = "0.1.0"
dependencies = [
 "acpu",
 "strata-compute",
 "strata-core",
 "strata-ext",
 "strata-proof",
]

[[package]]
name = "cyb-trop"
version = "0.1.0"
dependencies = [
 "strata-core",
]

[[package]]
name = "cyber-hemera"
version = "0.3.0"

[[package]]
name = "cyber-lens"
version = "0.1.0"
dependencies = [
 "cyb-lens-assayer",
 "cyb-lens-binius",
 "cyb-lens-brakedown",
 "cyb-lens-core",
 "cyb-lens-ikat",
 "cyb-lens-porphyry",
]

[[package]]
name = "mutants"
version = "0.0.3"
source = "registry+https://github.com/rust-lang/crates.io-index"
checksum = "bc0287524726960e07b119cebd01678f852f147742ae0d925e6a520dca956126"

[[package]]
name = "nox"
version = "0.1.0"
dependencies = [
 "cyb-lens-brakedown",
 "cyb-lens-core",
 "cyb-nebu",
 "cyber-hemera",
]

[[package]]
name = "strata-compute"
version = "0.1.0"
dependencies = [
 "strata-core",
]

[[package]]
name = "strata-core"
version = "0.1.0"

[[package]]
name = "strata-ext"
version = "0.1.0"
dependencies = [
 "strata-core",
]

[[package]]
name = "strata-proof"
version = "0.1.0"
dependencies = [
 "strata-core",
]

[[package]]
name = "unimem"
version = "0.2.0"
source = "registry+https://github.com/rust-lang/crates.io-index"
checksum = "a91794fe345844d09b134c55fde134bc9d51593964b906dde2f667162e49918d"
dependencies = [
 "crossbeam-queue",
 "mutants",
]

[[package]]
name = "zheng"
version = "0.1.0"
dependencies = [
 "cyb-nebu",
 "cyber-hemera",
 "cyber-lens",
 "nox",
]

[[package]]
name = "zheng-cli"
version = "0.1.0"
dependencies = [
 "cyb-nebu",
 "cyber-hemera",
 "nox",
 "zheng",
]
