# This file is automatically @generated by Cargo.
# It is not intended for manual editing.
version = 4

[[package]]
name = "bytes"
version = "1.12.1"
source = "registry+https://github.com/rust-lang/crates.io-index"
checksum = "fc652a48c352aef3ea3aed32080501cf3ef6ed5da78602a020c991775b0aff04"

[[package]]
name = "cyber-hemera"
version = "0.3.0"

[[package]]
name = "cyber-lens"
version = "0.1.1"
dependencies = [
 "cyber-lens-assayer",
 "cyber-lens-binius",
 "cyber-lens-brakedown",
 "cyber-lens-core",
 "cyber-lens-ikat",
 "cyber-lens-porphyry",
]

[[package]]
name = "cyber-lens-assayer"
version = "0.1.1"
dependencies = [
 "cyber-lens-brakedown",
 "cyber-lens-core",
 "strata-nebu",
 "strata-trop",
]

[[package]]
name = "cyber-lens-binius"
version = "0.1.1"
dependencies = [
 "cyber-hemera",
 "cyber-lens-core",
 "strata-kuro",
]

[[package]]
name = "cyber-lens-brakedown"
version = "0.1.1"
dependencies = [
 "cyber-hemera",
 "cyber-lens-core",
 "strata-nebu",
]

[[package]]
name = "cyber-lens-core"
version = "0.1.1"
dependencies = [
 "cyber-hemera",
 "strata-core",
 "strata-nebu",
 "strata-proof",
]

[[package]]
name = "cyber-lens-ikat"
version = "0.1.1"
dependencies = [
 "cyber-lens-brakedown",
 "cyber-lens-core",
 "strata-jali",
 "strata-nebu",
]

[[package]]
name = "cyber-lens-porphyry"
version = "0.1.1"
dependencies = [
 "cyber-hemera",
 "cyber-lens-core",
 "strata-genies",
]

[[package]]
name = "cyber-nox"
version = "0.1.2"
dependencies = [
 "cyber-hemera",
 "cyber-lens-brakedown",
 "cyber-lens-core",
 "strata-nebu",
]

[[package]]
name = "cyber-tape"
version = "0.1.0"
dependencies = [
 "bytes",
]

[[package]]
name = "strata-compute"
version = "0.1.0"
dependencies = [
 "strata-core",
]

[[package]]
name = "strata-core"
version = "0.1.0"

[[package]]
name = "strata-ext"
version = "0.1.0"
dependencies = [
 "strata-core",
]

[[package]]
name = "strata-genies"
version = "0.1.0"
dependencies = [
 "strata-core",
 "strata-ext",
 "strata-proof",
]

[[package]]
name = "strata-jali"
version = "0.1.0"
dependencies = [
 "strata-core",
 "strata-nebu",
]

[[package]]
name = "strata-kuro"
version = "0.1.0"
dependencies = [
 "strata-core",
 "strata-ext",
 "strata-proof",
]

[[package]]
name = "strata-nebu"
version = "0.1.0"
dependencies = [
 "strata-compute",
 "strata-core",
 "strata-ext",
 "strata-proof",
]

[[package]]
name = "strata-proof"
version = "0.1.0"
dependencies = [
 "strata-core",
]

[[package]]
name = "strata-trop"
version = "0.1.0"
dependencies = [
 "strata-core",
]

[[package]]
name = "zheng"
version = "0.1.2"
dependencies = [
 "cyber-hemera",
 "cyber-lens",
 "cyber-nox",
 "strata-nebu",
]

[[package]]
name = "zheng-cli"
version = "0.1.0"
dependencies = [
 "cyber-hemera",
 "cyber-lens",
 "cyber-nox",
 "cyber-tape",
 "strata-nebu",
 "zheng",
]
